<?xml version="1.0" encoding="utf-8"?>
<Project ToolsVersion="4.0" xmlns="http://schemas.microsoft.com/developer/msbuild/2003">
  <ItemGroup>
    <CudaCompile Include="dev_noise.cu">
      <Filter>cuda\api</Filter>
    </CudaCompile>
    <CudaCompile Include="test.cu" />
    <CudaCompile Include="CudaCoreUtils.cu">
      <Filter>cuda\utils</Filter>
    </CudaCompile>
    <CudaCompile Include="CudaUtils.cu">
      <Filter>cuda\utils</Filter>
    </CudaCompile>
    <CudaCompile Include="main.cpp" />
    <CudaCompile Include="CudaRandUtils.cu">
      <Filter>cuda\utils</Filter>
    </CudaCompile>
    <CudaCompile Include="CudaSoSUtils.cu">
      <Filter>cuda\utils</Filter>
    </CudaCompile>
  </ItemGroup>
  <ItemGroup>
    <ClInclude Include="dev_noise.cuh">
      <Filter>cuda\api</Filter>
    </ClInclude>
    <ClInclude Include="CudaNoiseService.h">
      <Filter>service\algorithm</Filter>
    </ClInclude>
    <ClInclude Include="CudaAlgorithmService.h">
      <Filter>service\algorithm</Filter>
    </ClInclude>
    <ClInclude Include="CudaTask.h">
      <Filter>cuda\task</Filter>
    </ClInclude>
    <ClInclude Include="CudaCoreUtils.h">
      <Filter>cuda\utils</Filter>
    </ClInclude>
    <ClInclude Include="CudaUtils.h">
      <Filter>cuda\utils</Filter>
    </ClInclude>
    <ClInclude Include="cuda_task.h">
      <Filter>cuda\task</Filter>
    </ClInclude>
    <ClInclude Include="cuda_utils.h">
      <Filter>cuda\utils</Filter>
    </ClInclude>
    <ClInclude Include="service_algorithm.h">
      <Filter>service\algorithm</Filter>
    </ClInclude>
    <ClInclude Include="cuda.h">
      <Filter>cuda</Filter>
    </ClInclude>
    <ClInclude Include="service.h">
      <Filter>service</Filter>
    </ClInclude>
    <ClInclude Include="SystemException.h">
      <Filter>common\exception</Filter>
    </ClInclude>
    <ClInclude Include="ComplexArray.h">
      <Filter>common\definition</Filter>
    </ClInclude>
    <ClInclude Include="ComplexRef.h">
      <Filter>common\definition</Filter>
    </ClInclude>
    <ClInclude Include="FrequencyUnit.h">
      <Filter>common\definition</Filter>
    </ClInclude>
    <ClInclude Include="common_exception.h">
      <Filter>common\exception</Filter>
    </ClInclude>
    <ClInclude Include="common_definition.h">
      <Filter>common\definition</Filter>
    </ClInclude>
    <ClInclude Include="common_utils.h">
      <Filter>common\utils</Filter>
    </ClInclude>
    <ClInclude Include="common.h">
      <Filter>common</Filter>
    </ClInclude>
    <ClInclude Include="StringUtils.h">
      <Filter>common\utils</Filter>
    </ClInclude>
    <ClInclude Include="MacroUtils.h">
      <Filter>common\utils</Filter>
    </ClInclude>
    <ClInclude Include="SystemCode.h">
      <Filter>common\exception</Filter>
    </ClInclude>
    <ClInclude Include="SystemCodeEnum.h">
      <Filter>common\exception</Filter>
    </ClInclude>
    <ClInclude Include="HostVector.h">
      <Filter>cuda\definition</Filter>
    </ClInclude>
    <ClInclude Include="cuda_definition.h">
      <Filter>cuda\definition</Filter>
    </ClInclude>
    <ClInclude Include="DeviceVector.h">
      <Filter>cuda\definition</Filter>
    </ClInclude>
    <ClInclude Include="DeviceManager.h">
      <Filter>cuda\definition</Filter>
    </ClInclude>
    <ClInclude Include="HostComplexArray.h">
      <Filter>cuda\definition</Filter>
    </ClInclude>
    <ClInclude Include="cuda_api.h">
      <Filter>cuda\api</Filter>
    </ClInclude>
    <ClInclude Include="CudaRandUtils.h">
      <Filter>cuda\utils</Filter>
    </ClInclude>
    <ClInclude Include="CudaSoSUtils.h">
      <Filter>cuda\utils</Filter>
    </ClInclude>
  </ItemGroup>
  <ItemGroup>
    <Filter Include="service">
      <UniqueIdentifier>{98317e9e-4f63-4d3e-9dc6-9beba693cd8c}</UniqueIdentifier>
    </Filter>
    <Filter Include="service\algorithm">
      <UniqueIdentifier>{a9026802-a5cd-46b9-a4d5-588fa93db128}</UniqueIdentifier>
    </Filter>
    <Filter Include="cuda">
      <UniqueIdentifier>{1ba57b5a-19a4-4338-8be1-bfd7064febcf}</UniqueIdentifier>
    </Filter>
    <Filter Include="cuda\task">
      <UniqueIdentifier>{95d24354-dcf0-427b-bf36-186972881dfc}</UniqueIdentifier>
    </Filter>
    <Filter Include="cuda\utils">
      <UniqueIdentifier>{076b6922-e357-4437-9c8c-a6263b84254d}</UniqueIdentifier>
    </Filter>
    <Filter Include="common">
      <UniqueIdentifier>{a4df1937-b5b5-4fe4-b851-f8e2c519a309}</UniqueIdentifier>
    </Filter>
    <Filter Include="common\exception">
      <UniqueIdentifier>{6ecb9c61-50dd-4ceb-83b5-73571b230360}</UniqueIdentifier>
    </Filter>
    <Filter Include="common\definition">
      <UniqueIdentifier>{3a066f0d-43d9-4d77-bfb7-f46e979127f1}</UniqueIdentifier>
    </Filter>
    <Filter Include="common\utils">
      <UniqueIdentifier>{c2ae435b-2fa8-4838-b528-f4135dc7fefd}</UniqueIdentifier>
    </Filter>
    <Filter Include="cuda\definition">
      <UniqueIdentifier>{8ccc98fa-82e9-4d0e-a35c-f7d7d3e04d52}</UniqueIdentifier>
    </Filter>
    <Filter Include="cuda\api">
      <UniqueIdentifier>{5d24fc17-e80f-491c-89db-8cad5f54754c}</UniqueIdentifier>
    </Filter>
  </ItemGroup>
  <ItemGroup>
    <ClCompile Include="CudaNoiseService.cpp">
      <Filter>service\algorithm</Filter>
    </ClCompile>
    <ClCompile Include="CudaAlgorithmService.cpp">
      <Filter>service\algorithm</Filter>
    </ClCompile>
    <ClCompile Include="SystemException.cpp">
      <Filter>common\exception</Filter>
    </ClCompile>
    <ClCompile Include="StringUtils.cpp">
      <Filter>common\utils</Filter>
    </ClCompile>
    <ClCompile Include="SystemCode.cpp">
      <Filter>common\exception</Filter>
    </ClCompile>
    <ClCompile Include="SystemCodeEnum.cpp">
      <Filter>common\exception</Filter>
    </ClCompile>
    <ClCompile Include="DeviceManager.cpp">
      <Filter>cuda\definition</Filter>
    </ClCompile>
    <ClCompile Include="CudaTask.cpp">
      <Filter>cuda\task</Filter>
    </ClCompile>
    <ClCompile Include="ComplexArray.hpp">
      <Filter>common\definition</Filter>
    </ClCompile>
    <ClCompile Include="ComplexRef.hpp">
      <Filter>common\definition</Filter>
    </ClCompile>
    <ClCompile Include="DeviceVector.hpp">
      <Filter>cuda\definition</Filter>
    </ClCompile>
    <ClCompile Include="HostComplexArray.hpp">
      <Filter>cuda\definition</Filter>
    </ClCompile>
    <ClCompile Include="HostVector.hpp">
      <Filter>cuda\definition</Filter>
    </ClCompile>
  </ItemGroup>
</Project>